
Microsoft Visual Studio Solution File, Format Version 12.00
# Visual Studio Version 17
VisualStudioVersion = 17.5.33424.131
MinimumVisualStudioVersion = 10.0.40219.1
Project("{9A19103F-16F7-4668-BE54-9A1E7A4F7556}") = "DungeonsAndArtificalIntelligenceAPI", "DungeonsAndArtificalIntelligenceAPI\DungeonsAndArtificalIntelligenceAPI.csproj", "{FC579B40-FCC9-4B4B-8037-42F8D93C13FE}"
EndProject
Project("{9A19103F-16F7-4668-BE54-9A1E7A4F7556}") = "DungeonsAndArtificialIntelligenceAPI.Data", "DungeonsAndArtificialIntelligenceAPI.Data\DungeonsAndArtificialIntelligenceAPI.Data.csproj", "{17B47EA8-E007-4669-AFB9-A467F8316A43}"
EndProject
Project("{FAE04EC0-301F-11D3-BF4B-00C04F79EFBC}") = "DungeonsAndArtificialIntelligenceAPI.BLL", "DungeonsAndArtificialIntelligenceAPI.BLL\DungeonsAndArtificialIntelligenceAPI.BLL.csproj", "{BCB2D701-1405-4E67-ABAD-90FB0EE04426}"
EndProject
Project("{FAE04EC0-301F-11D3-BF4B-00C04F79EFBC}") = "DungeonsAndArtificialIntelligenceAPI.Models", "DungeonsAndArtificialIntelligenceAPI.Models\DungeonsAndArtificialIntelligenceAPI.Models.csproj", "{A368FB8B-B7D1-418D-ABEF-88EDCA577879}"
EndProject
Project("{FAE04EC0-301F-11D3-BF4B-00C04F79EFBC}") = "DungeonsAndArtificialIntelligenceAPI.Common", "DungeonsAndArtificialIntelligenceAPI.Common\DungeonsAndArtificialIntelligenceAPI.Common.csproj", "{F06F6710-7BB3-4E3D-B4E1-5F8E7D492C43}"
EndProject
Global
	GlobalSection(SolutionConfigurationPlatforms) = preSolution
		Debug|Any CPU = Debug|Any CPU
		Release|Any CPU = Release|Any CPU
	EndGlobalSection
	GlobalSection(ProjectConfigurationPlatforms) = postSolution
		{FC579B40-FCC9-4B4B-8037-42F8D93C13FE}.Debug|Any CPU.ActiveCfg = Debug|Any CPU
		{FC579B40-FCC9-4B4B-8037-42F8D93C13FE}.Debug|Any CPU.Build.0 = Debug|Any CPU
		{FC579B40-FCC9-4B4B-8037-42F8D93C13FE}.Release|Any CPU.ActiveCfg = Release|Any CPU
		{FC579B40-FCC9-4B4B-8037-42F8D93C13FE}.Release|Any CPU.Build.0 = Release|Any CPU
		{17B47EA8-E007-4669-AFB9-A467F8316A43}.Debug|Any CPU.ActiveCfg = Debug|Any CPU
		{17B47EA8-E007-4669-AFB9-A467F8316A43}.Debug|Any CPU.Build.0 = Debug|Any CPU
		{17B47EA8-E007-4669-AFB9-A467F8316A43}.Release|Any CPU.ActiveCfg = Release|Any CPU
		{17B47EA8-E007-4669-AFB9-A467F8316A43}.Release|Any CPU.Build.0 = Release|Any CPU
		{BCB2D701-1405-4E67-ABAD-90FB0EE04426}.Debug|Any CPU.ActiveCfg = Debug|Any CPU
		{BCB2D701-1405-4E67-ABAD-90FB0EE04426}.Debug|Any CPU.Build.0 = Debug|Any CPU
		{BCB2D701-1405-4E67-ABAD-90FB0EE04426}.Release|Any CPU.ActiveCfg = Release|Any CPU
		{BCB2D701-1405-4E67-ABAD-90FB0EE04426}.Release|Any CPU.Build.0 = Release|Any CPU
		{A368FB8B-B7D1-418D-ABEF-88EDCA577879}.Debug|Any CPU.ActiveCfg = Debug|Any CPU
		{A368FB8B-B7D1-418D-ABEF-88EDCA577879}.Debug|Any CPU.Build.0 = Debug|Any CPU
		{A368FB8B-B7D1-418D-ABEF-88EDCA577879}.Release|Any CPU.ActiveCfg = Release|Any CPU
		{A368FB8B-B7D1-418D-ABEF-88EDCA577879}.Release|Any CPU.Build.0 = Release|Any CPU
		{F06F6710-7BB3-4E3D-B4E1-5F8E7D492C43}.Debug|Any CPU.ActiveCfg = Debug|Any CPU
		{F06F6710-7BB3-4E3D-B4E1-5F8E7D492C43}.Debug|Any CPU.Build.0 = Debug|Any CPU
		{F06F6710-7BB3-4E3D-B4E1-5F8E7D492C43}.Release|Any CPU.ActiveCfg = Release|Any CPU
		{F06F6710-7BB3-4E3D-B4E1-5F8E7D492C43}.Release|Any CPU.Build.0 = Release|Any CPU
	EndGlobalSection
	GlobalSection(SolutionProperties) = preSolution
		HideSolutionNode = FALSE
	EndGlobalSection
	GlobalSection(ExtensibilityGlobals) = postSolution
		SolutionGuid = {A3A9CDCF-C76D-4E0B-8402-EB3B8555C1DC}
	EndGlobalSection
EndGlobal
